
Microsoft Visual Studio Solution File, Format Version 12.00
# Visual Studio Version 17
VisualStudioVersion = 17.10.35013.160
MinimumVisualStudioVersion = 10.0.40219.1
Project("{2150E333-8FDC-42A3-9474-1A3956D46DE8}") = "Backend", "Backend", "{4AC48C18-C040-435E-ABF7-4B9D5A2C0487}"
EndProject
Project("{2150E333-8FDC-42A3-9474-1A3956D46DE8}") = "Frontend", "Frontend", "{355D24C9-4FA9-4B14-ABAF-F2908C2D92EE}"
EndProject
Project("{2150E333-8FDC-42A3-9474-1A3956D46DE8}") = "Src", "Src", "{3778EA4F-5793-4AE6-9F7E-21A261AF1083}"
EndProject
Project("{2150E333-8FDC-42A3-9474-1A3956D46DE8}") = "Common", "Common", "{915E2EFD-3ABD-4289-BB63-AFC573D70BE3}"
EndProject
Project("{9A19103F-16F7-4668-BE54-9A1E7A4F7556}") = "ShopMicroservices.Common.Data", "ShopProSa.Common.Data\ShopMicroservices.Common.Data.csproj", "{327C6271-91F0-47B1-9E1B-224C33E75AB1}"
EndProject
Project("{2150E333-8FDC-42A3-9474-1A3956D46DE8}") = "Infraestructure", "Infraestructure", "{FCD75F13-8AE6-4205-B70C-FC8067EF49AE}"
EndProject
Project("{9A19103F-16F7-4668-BE54-9A1E7A4F7556}") = "ShopMicroservices.Infraestructure", "ShopMicroservices.Infraestructures\ShopMicroservices.Infraestructure.csproj", "{5E01C879-39DC-4336-AA1C-65C6AC5339B7}"
EndProject
Project("{2150E333-8FDC-42A3-9474-1A3956D46DE8}") = "Modules", "Modules", "{EE975177-6481-4506-BE97-197BC4E73B57}"
EndProject
Project("{2150E333-8FDC-42A3-9474-1A3956D46DE8}") = "Categories Management", "Categories Management", "{6CDCD21C-0263-49F9-A5E0-2CD2C497F4FC}"
EndProject
Project("{2150E333-8FDC-42A3-9474-1A3956D46DE8}") = "Products Management", "Products Management", "{5576C505-DD99-489F-9973-29CF86342F20}"
EndProject
Project("{2150E333-8FDC-42A3-9474-1A3956D46DE8}") = "Suppliers Management", "Suppliers Management", "{F005EF7C-79CC-4324-B36D-DFF99AD4AB2F}"
EndProject
Project("{2150E333-8FDC-42A3-9474-1A3956D46DE8}") = "Apis", "Apis", "{DF0F121C-FA70-4ECF-9D8C-721E6460E6E3}"
EndProject
Project("{2150E333-8FDC-42A3-9474-1A3956D46DE8}") = "Application", "Application", "{6EFAEBBB-1FBD-47C7-9401-C4F3CD663A5D}"
EndProject
Project("{2150E333-8FDC-42A3-9474-1A3956D46DE8}") = "Domain", "Domain", "{C71A17C4-7B8E-43C2-8131-7778F11B8D82}"
EndProject
Project("{2150E333-8FDC-42A3-9474-1A3956D46DE8}") = "Persistance", "Persistance", "{3B46440A-8A3E-40AE-8A6B-4BBD34F9EE21}"
EndProject
Project("{9A19103F-16F7-4668-BE54-9A1E7A4F7556}") = "ShopMicroServices.Categories.Api", "ShopMicroServices.Categories.Api\ShopMicroServices.Categories.Api.csproj", "{1F91AEA0-F95C-4CE1-AF20-C59BE2A05818}"
EndProject
Project("{2150E333-8FDC-42A3-9474-1A3956D46DE8}") = "Apis", "Apis", "{817699CC-2811-4BFF-AFFF-E627B2AAABCD}"
EndProject
Project("{2150E333-8FDC-42A3-9474-1A3956D46DE8}") = "Application", "Application", "{7B5DD759-71FD-45EE-B753-BA3C75A17158}"
EndProject
Project("{2150E333-8FDC-42A3-9474-1A3956D46DE8}") = "Domain", "Domain", "{944F3DAE-F395-4661-8DA1-2356929912C3}"
EndProject
Project("{2150E333-8FDC-42A3-9474-1A3956D46DE8}") = "Persistance", "Persistance", "{1C377703-A8E8-4E55-885A-BC7EE128E1C4}"
EndProject
Project("{2150E333-8FDC-42A3-9474-1A3956D46DE8}") = "Apis", "Apis", "{7536685C-CE89-42AD-BF57-8A42D7923EA9}"
EndProject
Project("{2150E333-8FDC-42A3-9474-1A3956D46DE8}") = "Application", "Application", "{16F0DBC4-3B4F-4A90-9456-63179E06A0B2}"
EndProject
Project("{2150E333-8FDC-42A3-9474-1A3956D46DE8}") = "Domain", "Domain", "{BBB0DA30-7943-4663-93B7-D36A2737DDE4}"
EndProject
Project("{2150E333-8FDC-42A3-9474-1A3956D46DE8}") = "Persistance", "Persistance", "{90DCCC3E-3CF7-4256-87E2-CD16FFF58DBE}"
EndProject
Project("{9A19103F-16F7-4668-BE54-9A1E7A4F7556}") = "ShopMicroservices.Categories.Application", "ShopMicroservices.Categories.Application\ShopMicroservices.Categories.Application.csproj", "{B2133E88-3817-4F46-A938-BF4243555458}"
EndProject
Project("{9A19103F-16F7-4668-BE54-9A1E7A4F7556}") = "ShopMicroservices.Application.Domain", "ShopMicroservices.Application.Domain\ShopMicroservices.Application.Domain.csproj", "{C00596FD-364D-4A83-A999-9379F27E3571}"
EndProject
Project("{9A19103F-16F7-4668-BE54-9A1E7A4F7556}") = "ShopMicroservices.Categories.Persistance", "ShopMicroservices.Categories.Persistance\ShopMicroservices.Categories.Persistance.csproj", "{1C8C7E47-428D-4ECF-BD0E-7D071ACC8B7B}"
EndProject
Project("{FAE04EC0-301F-11D3-BF4B-00C04F79EFBC}") = "ShopMicroservices.ProductsManagement.API", "ShopMicroservices.ProductsManagement.API\ShopMicroservices.ProductsManagement.API.csproj", "{D92317AF-F522-40A2-A28E-F9DB0BA980ED}"
EndProject
Project("{FAE04EC0-301F-11D3-BF4B-00C04F79EFBC}") = "ShopMicroservices.ProductsManagement.Application", "ShopMicroservices.ProductsManagement.Application\ShopMicroservices.ProductsManagement.Application.csproj", "{A0C77962-79BE-4BDB-B7FC-B98E4B13FD5E}"
EndProject
Project("{FAE04EC0-301F-11D3-BF4B-00C04F79EFBC}") = "ShopMicroservices.ProductsManagement.Domain", "ShopMicroservices.ProductsManagement.Domain\ShopMicroservices.ProductsManagement.Domain.csproj", "{2A786C60-4278-4961-AA39-A7D0AA714E54}"
EndProject
Project("{FAE04EC0-301F-11D3-BF4B-00C04F79EFBC}") = "ShopMicroservices.ProductsManagement.Persistance", "ShopMicroservices.ProductsManagement.Persistance\ShopMicroservices.ProductsManagement.Persistance.csproj", "{82751EBE-AB62-4FDE-9D34-2B3C3B7BBFD2}"
EndProject
Project("{FAE04EC0-301F-11D3-BF4B-00C04F79EFBC}") = "ShopMicroservices.SuppliersManagement.API", "ShopMicroservices.SuppliersManagement.API\ShopMicroservices.SuppliersManagement.API.csproj", "{27748972-3AED-40D3-BEBC-11302F1A0BB2}"
EndProject
Project("{FAE04EC0-301F-11D3-BF4B-00C04F79EFBC}") = "ShopMicroservices.SuppliersManagement.Application", "ShopMicroservices.SuppliersManagement.Application\ShopMicroservices.SuppliersManagement.Application.csproj", "{3FE528D6-0BC0-464F-86D7-CFDF77A9D713}"
EndProject
Project("{FAE04EC0-301F-11D3-BF4B-00C04F79EFBC}") = "ShopMicroservices.SuppliersManagement.Domain", "ShopMicroservices.SuppliersManagement.Domain\ShopMicroservices.SuppliersManagement.Domain.csproj", "{81C931AA-3068-46BF-9425-0F3D5BFB28F1}"
EndProject
Project("{FAE04EC0-301F-11D3-BF4B-00C04F79EFBC}") = "ShopMicroservices.SuppliersManagement.Persistence", "ShopMicroservices.SuppliersManagement.Persistence\ShopMicroservices.SuppliersManagement.Persistence.csproj", "{4BB7ABF7-CABE-4FB2-B9A2-33EE42A47288}"
EndProject
Global
	GlobalSection(SolutionConfigurationPlatforms) = preSolution
		Debug|Any CPU = Debug|Any CPU
		Release|Any CPU = Release|Any CPU
	EndGlobalSection
	GlobalSection(ProjectConfigurationPlatforms) = postSolution
		{327C6271-91F0-47B1-9E1B-224C33E75AB1}.Debug|Any CPU.ActiveCfg = Debug|Any CPU
		{327C6271-91F0-47B1-9E1B-224C33E75AB1}.Debug|Any CPU.Build.0 = Debug|Any CPU
		{327C6271-91F0-47B1-9E1B-224C33E75AB1}.Release|Any CPU.ActiveCfg = Release|Any CPU
		{327C6271-91F0-47B1-9E1B-224C33E75AB1}.Release|Any CPU.Build.0 = Release|Any CPU
		{5E01C879-39DC-4336-AA1C-65C6AC5339B7}.Debug|Any CPU.ActiveCfg = Debug|Any CPU
		{5E01C879-39DC-4336-AA1C-65C6AC5339B7}.Debug|Any CPU.Build.0 = Debug|Any CPU
		{5E01C879-39DC-4336-AA1C-65C6AC5339B7}.Release|Any CPU.ActiveCfg = Release|Any CPU
		{5E01C879-39DC-4336-AA1C-65C6AC5339B7}.Release|Any CPU.Build.0 = Release|Any CPU
		{1F91AEA0-F95C-4CE1-AF20-C59BE2A05818}.Debug|Any CPU.ActiveCfg = Debug|Any CPU
		{1F91AEA0-F95C-4CE1-AF20-C59BE2A05818}.Debug|Any CPU.Build.0 = Debug|Any CPU
		{1F91AEA0-F95C-4CE1-AF20-C59BE2A05818}.Release|Any CPU.ActiveCfg = Release|Any CPU
		{1F91AEA0-F95C-4CE1-AF20-C59BE2A05818}.Release|Any CPU.Build.0 = Release|Any CPU
		{B2133E88-3817-4F46-A938-BF4243555458}.Debug|Any CPU.ActiveCfg = Debug|Any CPU
		{B2133E88-3817-4F46-A938-BF4243555458}.Debug|Any CPU.Build.0 = Debug|Any CPU
		{B2133E88-3817-4F46-A938-BF4243555458}.Release|Any CPU.ActiveCfg = Release|Any CPU
		{B2133E88-3817-4F46-A938-BF4243555458}.Release|Any CPU.Build.0 = Release|Any CPU
		{C00596FD-364D-4A83-A999-9379F27E3571}.Debug|Any CPU.ActiveCfg = Debug|Any CPU
		{C00596FD-364D-4A83-A999-9379F27E3571}.Debug|Any CPU.Build.0 = Debug|Any CPU
		{C00596FD-364D-4A83-A999-9379F27E3571}.Release|Any CPU.ActiveCfg = Release|Any CPU
		{C00596FD-364D-4A83-A999-9379F27E3571}.Release|Any CPU.Build.0 = Release|Any CPU
		{1C8C7E47-428D-4ECF-BD0E-7D071ACC8B7B}.Debug|Any CPU.ActiveCfg = Debug|Any CPU
		{1C8C7E47-428D-4ECF-BD0E-7D071ACC8B7B}.Debug|Any CPU.Build.0 = Debug|Any CPU
		{1C8C7E47-428D-4ECF-BD0E-7D071ACC8B7B}.Release|Any CPU.ActiveCfg = Release|Any CPU
		{1C8C7E47-428D-4ECF-BD0E-7D071ACC8B7B}.Release|Any CPU.Build.0 = Release|Any CPU
		{D92317AF-F522-40A2-A28E-F9DB0BA980ED}.Debug|Any CPU.ActiveCfg = Debug|Any CPU
		{D92317AF-F522-40A2-A28E-F9DB0BA980ED}.Debug|Any CPU.Build.0 = Debug|Any CPU
		{D92317AF-F522-40A2-A28E-F9DB0BA980ED}.Release|Any CPU.ActiveCfg = Release|Any CPU
		{D92317AF-F522-40A2-A28E-F9DB0BA980ED}.Release|Any CPU.Build.0 = Release|Any CPU
		{A0C77962-79BE-4BDB-B7FC-B98E4B13FD5E}.Debug|Any CPU.ActiveCfg = Debug|Any CPU
		{A0C77962-79BE-4BDB-B7FC-B98E4B13FD5E}.Debug|Any CPU.Build.0 = Debug|Any CPU
		{A0C77962-79BE-4BDB-B7FC-B98E4B13FD5E}.Release|Any CPU.ActiveCfg = Release|Any CPU
		{A0C77962-79BE-4BDB-B7FC-B98E4B13FD5E}.Release|Any CPU.Build.0 = Release|Any CPU
		{2A786C60-4278-4961-AA39-A7D0AA714E54}.Debug|Any CPU.ActiveCfg = Debug|Any CPU
		{2A786C60-4278-4961-AA39-A7D0AA714E54}.Debug|Any CPU.Build.0 = Debug|Any CPU
		{2A786C60-4278-4961-AA39-A7D0AA714E54}.Release|Any CPU.ActiveCfg = Release|Any CPU
		{2A786C60-4278-4961-AA39-A7D0AA714E54}.Release|Any CPU.Build.0 = Release|Any CPU
		{82751EBE-AB62-4FDE-9D34-2B3C3B7BBFD2}.Debug|Any CPU.ActiveCfg = Debug|Any CPU
		{82751EBE-AB62-4FDE-9D34-2B3C3B7BBFD2}.Debug|Any CPU.Build.0 = Debug|Any CPU
		{82751EBE-AB62-4FDE-9D34-2B3C3B7BBFD2}.Release|Any CPU.ActiveCfg = Release|Any CPU
		{82751EBE-AB62-4FDE-9D34-2B3C3B7BBFD2}.Release|Any CPU.Build.0 = Release|Any CPU
		{27748972-3AED-40D3-BEBC-11302F1A0BB2}.Debug|Any CPU.ActiveCfg = Debug|Any CPU
		{27748972-3AED-40D3-BEBC-11302F1A0BB2}.Debug|Any CPU.Build.0 = Debug|Any CPU
		{27748972-3AED-40D3-BEBC-11302F1A0BB2}.Release|Any CPU.ActiveCfg = Release|Any CPU
		{27748972-3AED-40D3-BEBC-11302F1A0BB2}.Release|Any CPU.Build.0 = Release|Any CPU
		{3FE528D6-0BC0-464F-86D7-CFDF77A9D713}.Debug|Any CPU.ActiveCfg = Debug|Any CPU
		{3FE528D6-0BC0-464F-86D7-CFDF77A9D713}.Debug|Any CPU.Build.0 = Debug|Any CPU
		{3FE528D6-0BC0-464F-86D7-CFDF77A9D713}.Release|Any CPU.ActiveCfg = Release|Any CPU
		{3FE528D6-0BC0-464F-86D7-CFDF77A9D713}.Release|Any CPU.Build.0 = Release|Any CPU
		{81C931AA-3068-46BF-9425-0F3D5BFB28F1}.Debug|Any CPU.ActiveCfg = Debug|Any CPU
		{81C931AA-3068-46BF-9425-0F3D5BFB28F1}.Debug|Any CPU.Build.0 = Debug|Any CPU
		{81C931AA-3068-46BF-9425-0F3D5BFB28F1}.Release|Any CPU.ActiveCfg = Release|Any CPU
		{81C931AA-3068-46BF-9425-0F3D5BFB28F1}.Release|Any CPU.Build.0 = Release|Any CPU
		{4BB7ABF7-CABE-4FB2-B9A2-33EE42A47288}.Debug|Any CPU.ActiveCfg = Debug|Any CPU
		{4BB7ABF7-CABE-4FB2-B9A2-33EE42A47288}.Debug|Any CPU.Build.0 = Debug|Any CPU
		{4BB7ABF7-CABE-4FB2-B9A2-33EE42A47288}.Release|Any CPU.ActiveCfg = Release|Any CPU
		{4BB7ABF7-CABE-4FB2-B9A2-33EE42A47288}.Release|Any CPU.Build.0 = Release|Any CPU
	EndGlobalSection
	GlobalSection(SolutionProperties) = preSolution
		HideSolutionNode = FALSE
	EndGlobalSection
	GlobalSection(NestedProjects) = preSolution
		{4AC48C18-C040-435E-ABF7-4B9D5A2C0487} = {3778EA4F-5793-4AE6-9F7E-21A261AF1083}
		{355D24C9-4FA9-4B14-ABAF-F2908C2D92EE} = {3778EA4F-5793-4AE6-9F7E-21A261AF1083}
		{915E2EFD-3ABD-4289-BB63-AFC573D70BE3} = {4AC48C18-C040-435E-ABF7-4B9D5A2C0487}
		{327C6271-91F0-47B1-9E1B-224C33E75AB1} = {915E2EFD-3ABD-4289-BB63-AFC573D70BE3}
		{FCD75F13-8AE6-4205-B70C-FC8067EF49AE} = {4AC48C18-C040-435E-ABF7-4B9D5A2C0487}
		{5E01C879-39DC-4336-AA1C-65C6AC5339B7} = {FCD75F13-8AE6-4205-B70C-FC8067EF49AE}
		{EE975177-6481-4506-BE97-197BC4E73B57} = {4AC48C18-C040-435E-ABF7-4B9D5A2C0487}
		{6CDCD21C-0263-49F9-A5E0-2CD2C497F4FC} = {EE975177-6481-4506-BE97-197BC4E73B57}
		{5576C505-DD99-489F-9973-29CF86342F20} = {EE975177-6481-4506-BE97-197BC4E73B57}
		{F005EF7C-79CC-4324-B36D-DFF99AD4AB2F} = {EE975177-6481-4506-BE97-197BC4E73B57}
		{DF0F121C-FA70-4ECF-9D8C-721E6460E6E3} = {6CDCD21C-0263-49F9-A5E0-2CD2C497F4FC}
		{6EFAEBBB-1FBD-47C7-9401-C4F3CD663A5D} = {6CDCD21C-0263-49F9-A5E0-2CD2C497F4FC}
		{C71A17C4-7B8E-43C2-8131-7778F11B8D82} = {6CDCD21C-0263-49F9-A5E0-2CD2C497F4FC}
		{3B46440A-8A3E-40AE-8A6B-4BBD34F9EE21} = {6CDCD21C-0263-49F9-A5E0-2CD2C497F4FC}
		{1F91AEA0-F95C-4CE1-AF20-C59BE2A05818} = {DF0F121C-FA70-4ECF-9D8C-721E6460E6E3}
		{817699CC-2811-4BFF-AFFF-E627B2AAABCD} = {5576C505-DD99-489F-9973-29CF86342F20}
		{7B5DD759-71FD-45EE-B753-BA3C75A17158} = {5576C505-DD99-489F-9973-29CF86342F20}
		{944F3DAE-F395-4661-8DA1-2356929912C3} = {5576C505-DD99-489F-9973-29CF86342F20}
		{1C377703-A8E8-4E55-885A-BC7EE128E1C4} = {5576C505-DD99-489F-9973-29CF86342F20}
		{7536685C-CE89-42AD-BF57-8A42D7923EA9} = {F005EF7C-79CC-4324-B36D-DFF99AD4AB2F}
		{16F0DBC4-3B4F-4A90-9456-63179E06A0B2} = {F005EF7C-79CC-4324-B36D-DFF99AD4AB2F}
		{BBB0DA30-7943-4663-93B7-D36A2737DDE4} = {F005EF7C-79CC-4324-B36D-DFF99AD4AB2F}
		{90DCCC3E-3CF7-4256-87E2-CD16FFF58DBE} = {F005EF7C-79CC-4324-B36D-DFF99AD4AB2F}
		{B2133E88-3817-4F46-A938-BF4243555458} = {6EFAEBBB-1FBD-47C7-9401-C4F3CD663A5D}
		{C00596FD-364D-4A83-A999-9379F27E3571} = {C71A17C4-7B8E-43C2-8131-7778F11B8D82}
		{1C8C7E47-428D-4ECF-BD0E-7D071ACC8B7B} = {3B46440A-8A3E-40AE-8A6B-4BBD34F9EE21}
		{D92317AF-F522-40A2-A28E-F9DB0BA980ED} = {817699CC-2811-4BFF-AFFF-E627B2AAABCD}
		{A0C77962-79BE-4BDB-B7FC-B98E4B13FD5E} = {7B5DD759-71FD-45EE-B753-BA3C75A17158}
		{2A786C60-4278-4961-AA39-A7D0AA714E54} = {944F3DAE-F395-4661-8DA1-2356929912C3}
		{82751EBE-AB62-4FDE-9D34-2B3C3B7BBFD2} = {1C377703-A8E8-4E55-885A-BC7EE128E1C4}
		{27748972-3AED-40D3-BEBC-11302F1A0BB2} = {7536685C-CE89-42AD-BF57-8A42D7923EA9}
		{3FE528D6-0BC0-464F-86D7-CFDF77A9D713} = {16F0DBC4-3B4F-4A90-9456-63179E06A0B2}
		{81C931AA-3068-46BF-9425-0F3D5BFB28F1} = {BBB0DA30-7943-4663-93B7-D36A2737DDE4}
		{4BB7ABF7-CABE-4FB2-B9A2-33EE42A47288} = {90DCCC3E-3CF7-4256-87E2-CD16FFF58DBE}
	EndGlobalSection
	GlobalSection(ExtensibilityGlobals) = postSolution
		SolutionGuid = {044D5CC8-EE25-4662-B304-7754F6E8D796}
	EndGlobalSection
EndGlobal
