
Microsoft Visual Studio Solution File, Format Version 12.00
# Visual Studio Version 17
VisualStudioVersion = 17.10.35013.160
MinimumVisualStudioVersion = 10.0.40219.1
Project("{2150E333-8FDC-42A3-9474-1A3956D46DE8}") = "Backend", "Backend", "{4AC48C18-C040-435E-ABF7-4B9D5A2C0487}"
EndProject
Project("{2150E333-8FDC-42A3-9474-1A3956D46DE8}") = "Frontend", "Frontend", "{355D24C9-4FA9-4B14-ABAF-F2908C2D92EE}"
EndProject
Project("{2150E333-8FDC-42A3-9474-1A3956D46DE8}") = "Src", "Src", "{3778EA4F-5793-4AE6-9F7E-21A261AF1083}"
EndProject
Project("{2150E333-8FDC-42A3-9474-1A3956D46DE8}") = "Common", "Common", "{915E2EFD-3ABD-4289-BB63-AFC573D70BE3}"
EndProject
Project("{9A19103F-16F7-4668-BE54-9A1E7A4F7556}") = "ShopMicroservices.Common.Data", "ShopProSa.Common.Data\ShopMicroservices.Common.Data.csproj", "{327C6271-91F0-47B1-9E1B-224C33E75AB1}"
EndProject
Project("{2150E333-8FDC-42A3-9474-1A3956D46DE8}") = "Infraestructure", "Infraestructure", "{FCD75F13-8AE6-4205-B70C-FC8067EF49AE}"
EndProject
Project("{9A19103F-16F7-4668-BE54-9A1E7A4F7556}") = "ShopMicroservices.Infraestructure", "ShopMicroservices.Infraestructures\ShopMicroservices.Infraestructure.csproj", "{5E01C879-39DC-4336-AA1C-65C6AC5339B7}"
EndProject
Project("{2150E333-8FDC-42A3-9474-1A3956D46DE8}") = "Modules", "Modules", "{EE975177-6481-4506-BE97-197BC4E73B57}"
EndProject
Project("{2150E333-8FDC-42A3-9474-1A3956D46DE8}") = "Categories Management", "Categories Management", "{6CDCD21C-0263-49F9-A5E0-2CD2C497F4FC}"
EndProject
Project("{2150E333-8FDC-42A3-9474-1A3956D46DE8}") = "Products Management", "Products Management", "{5576C505-DD99-489F-9973-29CF86342F20}"
EndProject
Project("{2150E333-8FDC-42A3-9474-1A3956D46DE8}") = "Suppliers Management", "Suppliers Management", "{F005EF7C-79CC-4324-B36D-DFF99AD4AB2F}"
EndProject
Project("{2150E333-8FDC-42A3-9474-1A3956D46DE8}") = "Apis", "Apis", "{DF0F121C-FA70-4ECF-9D8C-721E6460E6E3}"
EndProject
Project("{2150E333-8FDC-42A3-9474-1A3956D46DE8}") = "Application", "Application", "{6EFAEBBB-1FBD-47C7-9401-C4F3CD663A5D}"
EndProject
Project("{2150E333-8FDC-42A3-9474-1A3956D46DE8}") = "Domain", "Domain", "{C71A17C4-7B8E-43C2-8131-7778F11B8D82}"
EndProject
Project("{2150E333-8FDC-42A3-9474-1A3956D46DE8}") = "Persistance", "Persistance", "{3B46440A-8A3E-40AE-8A6B-4BBD34F9EE21}"
EndProject
Global
	GlobalSection(SolutionConfigurationPlatforms) = preSolution
		Debug|Any CPU = Debug|Any CPU
		Release|Any CPU = Release|Any CPU
	EndGlobalSection
	GlobalSection(ProjectConfigurationPlatforms) = postSolution
		{327C6271-91F0-47B1-9E1B-224C33E75AB1}.Debug|Any CPU.ActiveCfg = Debug|Any CPU
		{327C6271-91F0-47B1-9E1B-224C33E75AB1}.Debug|Any CPU.Build.0 = Debug|Any CPU
		{327C6271-91F0-47B1-9E1B-224C33E75AB1}.Release|Any CPU.ActiveCfg = Release|Any CPU
		{327C6271-91F0-47B1-9E1B-224C33E75AB1}.Release|Any CPU.Build.0 = Release|Any CPU
		{5E01C879-39DC-4336-AA1C-65C6AC5339B7}.Debug|Any CPU.ActiveCfg = Debug|Any CPU
		{5E01C879-39DC-4336-AA1C-65C6AC5339B7}.Debug|Any CPU.Build.0 = Debug|Any CPU
		{5E01C879-39DC-4336-AA1C-65C6AC5339B7}.Release|Any CPU.ActiveCfg = Release|Any CPU
		{5E01C879-39DC-4336-AA1C-65C6AC5339B7}.Release|Any CPU.Build.0 = Release|Any CPU
	EndGlobalSection
	GlobalSection(SolutionProperties) = preSolution
		HideSolutionNode = FALSE
	EndGlobalSection
	GlobalSection(NestedProjects) = preSolution
		{4AC48C18-C040-435E-ABF7-4B9D5A2C0487} = {3778EA4F-5793-4AE6-9F7E-21A261AF1083}
		{355D24C9-4FA9-4B14-ABAF-F2908C2D92EE} = {3778EA4F-5793-4AE6-9F7E-21A261AF1083}
		{915E2EFD-3ABD-4289-BB63-AFC573D70BE3} = {4AC48C18-C040-435E-ABF7-4B9D5A2C0487}
		{327C6271-91F0-47B1-9E1B-224C33E75AB1} = {915E2EFD-3ABD-4289-BB63-AFC573D70BE3}
		{FCD75F13-8AE6-4205-B70C-FC8067EF49AE} = {4AC48C18-C040-435E-ABF7-4B9D5A2C0487}
		{5E01C879-39DC-4336-AA1C-65C6AC5339B7} = {FCD75F13-8AE6-4205-B70C-FC8067EF49AE}
		{EE975177-6481-4506-BE97-197BC4E73B57} = {4AC48C18-C040-435E-ABF7-4B9D5A2C0487}
		{6CDCD21C-0263-49F9-A5E0-2CD2C497F4FC} = {EE975177-6481-4506-BE97-197BC4E73B57}
		{5576C505-DD99-489F-9973-29CF86342F20} = {EE975177-6481-4506-BE97-197BC4E73B57}
		{F005EF7C-79CC-4324-B36D-DFF99AD4AB2F} = {EE975177-6481-4506-BE97-197BC4E73B57}
		{DF0F121C-FA70-4ECF-9D8C-721E6460E6E3} = {6CDCD21C-0263-49F9-A5E0-2CD2C497F4FC}
		{6EFAEBBB-1FBD-47C7-9401-C4F3CD663A5D} = {6CDCD21C-0263-49F9-A5E0-2CD2C497F4FC}
		{C71A17C4-7B8E-43C2-8131-7778F11B8D82} = {6CDCD21C-0263-49F9-A5E0-2CD2C497F4FC}
		{3B46440A-8A3E-40AE-8A6B-4BBD34F9EE21} = {6CDCD21C-0263-49F9-A5E0-2CD2C497F4FC}
	EndGlobalSection
	GlobalSection(ExtensibilityGlobals) = postSolution
		SolutionGuid = {044D5CC8-EE25-4662-B304-7754F6E8D796}
	EndGlobalSection
EndGlobal
