
Microsoft Visual Studio Solution File, Format Version 12.00
# Visual Studio Version 17
VisualStudioVersion = 17.10.35013.160
MinimumVisualStudioVersion = 10.0.40219.1
Project("{2150E333-8FDC-42A3-9474-1A3956D46DE8}") = "Backend", "Backend", "{4AC48C18-C040-435E-ABF7-4B9D5A2C0487}"
EndProject
Project("{2150E333-8FDC-42A3-9474-1A3956D46DE8}") = "Frontend", "Frontend", "{355D24C9-4FA9-4B14-ABAF-F2908C2D92EE}"
EndProject
Project("{2150E333-8FDC-42A3-9474-1A3956D46DE8}") = "Src", "Src", "{3778EA4F-5793-4AE6-9F7E-21A261AF1083}"
EndProject
Project("{2150E333-8FDC-42A3-9474-1A3956D46DE8}") = "Common", "Common", "{915E2EFD-3ABD-4289-BB63-AFC573D70BE3}"
EndProject
Project("{9A19103F-16F7-4668-BE54-9A1E7A4F7556}") = "ShopMicroservices.Common.Data", "ShopProSa.Common.Data\ShopMicroservices.Common.Data.csproj", "{327C6271-91F0-47B1-9E1B-224C33E75AB1}"
EndProject
Project("{2150E333-8FDC-42A3-9474-1A3956D46DE8}") = "Infraestructure", "Infraestructure", "{FCD75F13-8AE6-4205-B70C-FC8067EF49AE}"
EndProject
Project("{9A19103F-16F7-4668-BE54-9A1E7A4F7556}") = "ShopMicroservices.Infraestructure", "ShopMicroservices.Infraestructures\ShopMicroservices.Infraestructure.csproj", "{5E01C879-39DC-4336-AA1C-65C6AC5339B7}"
EndProject
Project("{2150E333-8FDC-42A3-9474-1A3956D46DE8}") = "Modules", "Modules", "{EE975177-6481-4506-BE97-197BC4E73B57}"
EndProject
Project("{2150E333-8FDC-42A3-9474-1A3956D46DE8}") = "Categories Management", "Categories Management", "{6CDCD21C-0263-49F9-A5E0-2CD2C497F4FC}"
EndProject
Project("{2150E333-8FDC-42A3-9474-1A3956D46DE8}") = "Apis", "Apis", "{DF0F121C-FA70-4ECF-9D8C-721E6460E6E3}"
EndProject
Project("{2150E333-8FDC-42A3-9474-1A3956D46DE8}") = "Application", "Application", "{6EFAEBBB-1FBD-47C7-9401-C4F3CD663A5D}"
EndProject
Project("{2150E333-8FDC-42A3-9474-1A3956D46DE8}") = "Domain", "Domain", "{C71A17C4-7B8E-43C2-8131-7778F11B8D82}"
EndProject
Project("{2150E333-8FDC-42A3-9474-1A3956D46DE8}") = "Persistance", "Persistance", "{3B46440A-8A3E-40AE-8A6B-4BBD34F9EE21}"
EndProject
Project("{9A19103F-16F7-4668-BE54-9A1E7A4F7556}") = "ShopMicroServices.Categories.Api", "ShopMicroServices.Categories.Api\ShopMicroServices.Categories.Api.csproj", "{1F91AEA0-F95C-4CE1-AF20-C59BE2A05818}"
EndProject
Project("{9A19103F-16F7-4668-BE54-9A1E7A4F7556}") = "ShopMicroservices.Categories.Application", "ShopMicroservices.Categories.Application\ShopMicroservices.Categories.Application.csproj", "{B2133E88-3817-4F46-A938-BF4243555458}"
EndProject
Project("{9A19103F-16F7-4668-BE54-9A1E7A4F7556}") = "ShopMicroservices.Categories.Domain", "ShopMicroservices.Categories.Domain\ShopMicroservices.Categories.Domain.csproj", "{C00596FD-364D-4A83-A999-9379F27E3571}"
EndProject
Project("{9A19103F-16F7-4668-BE54-9A1E7A4F7556}") = "ShopMicroservices.Categories.Persistance", "ShopMicroservices.Categories.Persistance\ShopMicroservices.Categories.Persistance.csproj", "{1C8C7E47-428D-4ECF-BD0E-7D071ACC8B7B}"
EndProject
Project("{2150E333-8FDC-42A3-9474-1A3956D46DE8}") = "IOC", "IOC", "{DC35F463-065E-44E0-9800-5BBA74743B8A}"
EndProject
Project("{9A19103F-16F7-4668-BE54-9A1E7A4F7556}") = "ShopMicroservices.Categories.IOC", "ShopMicroservices.Categories.IOC\ShopMicroservices.Categories.IOC.csproj", "{CEE9A90B-E429-461B-A977-ECEA017928D8}"
EndProject
Project("{9A19103F-16F7-4668-BE54-9A1E7A4F7556}") = "ShopMicroservices.CategoryAdm.Api", "ShopMicroservices.CategoryAdm.Api\ShopMicroservices.CategoryAdm.Api.csproj", "{50B54007-29CD-4E22-9E15-73FDDCBF7F3E}"
EndProject
Project("{2150E333-8FDC-42A3-9474-1A3956D46DE8}") = "Customers Management", "Customers Management", "{7A8F1BC3-12A3-491F-A456-887A23EE02A1}"
EndProject
Project("{2150E333-8FDC-42A3-9474-1A3956D46DE8}") = "Apis", "Apis", "{A6502EE9-B5B3-40B2-81ED-FE0A0FF99FDC}"
EndProject
Project("{2150E333-8FDC-42A3-9474-1A3956D46DE8}") = "Application", "Application", "{096D8FFE-C489-4814-9C2F-F75AA55DBD1D}"
EndProject
Project("{2150E333-8FDC-42A3-9474-1A3956D46DE8}") = "Domain", "Domain", "{4AFE32CF-E917-4C2D-8143-91B6E308CD5F}"
EndProject
Project("{2150E333-8FDC-42A3-9474-1A3956D46DE8}") = "IOC", "IOC", "{9BD2BE27-E3B8-4C76-85A8-1F8D55270F5B}"
EndProject
Project("{2150E333-8FDC-42A3-9474-1A3956D46DE8}") = "Persistance", "Persistance", "{16440292-5C90-4B29-9C14-DF8A260FB3D6}"
EndProject
Project("{FAE04EC0-301F-11D3-BF4B-00C04F79EFBC}") = "ShopMicroservices.CustomersAdm.Api", "ShopMicroservices.CustomersAdm.Apidf\ShopMicroservices.CustomersAdm.Api.csproj", "{2EF9D1BB-65D0-47EE-9244-43F1CE6AE7C3}"
EndProject
Project("{FAE04EC0-301F-11D3-BF4B-00C04F79EFBC}") = "ShopMicroservices.Customers.Application", "shopMicroservices.Customers.Application\ShopMicroservices.Customers.Application.csproj", "{FD02DDB7-B3F3-4F77-B897-C7447CB35F40}"
EndProject
Project("{FAE04EC0-301F-11D3-BF4B-00C04F79EFBC}") = "ShopMicroservices.Customers.Domain", "ShopMicroservices.Customes.Domain\ShopMicroservices.Customers.Domain.csproj", "{DF217AA9-AC3C-4ECF-9A05-FEF8B792C490}"
EndProject
Project("{FAE04EC0-301F-11D3-BF4B-00C04F79EFBC}") = "ShopMicroservices.Customers.IOC", "ShopMicroservices.Customers.IOC\ShopMicroservices.Customers.IOC.csproj", "{AAAF85F6-2274-4EE4-9700-367BEE791793}"
EndProject
Project("{FAE04EC0-301F-11D3-BF4B-00C04F79EFBC}") = "ShopMicroservices.Customers.Persistance", "ShopMicroservices.Customers.Persistance\ShopMicroservices.Customers.Persistance.csproj", "{9D63FF47-AAC3-4F02-BA05-5473E331ED8E}"
EndProject
Global
	GlobalSection(SolutionConfigurationPlatforms) = preSolution
		Debug|Any CPU = Debug|Any CPU
		Release|Any CPU = Release|Any CPU
	EndGlobalSection
	GlobalSection(ProjectConfigurationPlatforms) = postSolution
		{327C6271-91F0-47B1-9E1B-224C33E75AB1}.Debug|Any CPU.ActiveCfg = Debug|Any CPU
		{327C6271-91F0-47B1-9E1B-224C33E75AB1}.Debug|Any CPU.Build.0 = Debug|Any CPU
		{327C6271-91F0-47B1-9E1B-224C33E75AB1}.Release|Any CPU.ActiveCfg = Release|Any CPU
		{327C6271-91F0-47B1-9E1B-224C33E75AB1}.Release|Any CPU.Build.0 = Release|Any CPU
		{5E01C879-39DC-4336-AA1C-65C6AC5339B7}.Debug|Any CPU.ActiveCfg = Debug|Any CPU
		{5E01C879-39DC-4336-AA1C-65C6AC5339B7}.Debug|Any CPU.Build.0 = Debug|Any CPU
		{5E01C879-39DC-4336-AA1C-65C6AC5339B7}.Release|Any CPU.ActiveCfg = Release|Any CPU
		{5E01C879-39DC-4336-AA1C-65C6AC5339B7}.Release|Any CPU.Build.0 = Release|Any CPU
		{1F91AEA0-F95C-4CE1-AF20-C59BE2A05818}.Debug|Any CPU.ActiveCfg = Debug|Any CPU
		{1F91AEA0-F95C-4CE1-AF20-C59BE2A05818}.Debug|Any CPU.Build.0 = Debug|Any CPU
		{1F91AEA0-F95C-4CE1-AF20-C59BE2A05818}.Release|Any CPU.ActiveCfg = Release|Any CPU
		{1F91AEA0-F95C-4CE1-AF20-C59BE2A05818}.Release|Any CPU.Build.0 = Release|Any CPU
		{B2133E88-3817-4F46-A938-BF4243555458}.Debug|Any CPU.ActiveCfg = Debug|Any CPU
		{B2133E88-3817-4F46-A938-BF4243555458}.Debug|Any CPU.Build.0 = Debug|Any CPU
		{B2133E88-3817-4F46-A938-BF4243555458}.Release|Any CPU.ActiveCfg = Release|Any CPU
		{B2133E88-3817-4F46-A938-BF4243555458}.Release|Any CPU.Build.0 = Release|Any CPU
		{C00596FD-364D-4A83-A999-9379F27E3571}.Debug|Any CPU.ActiveCfg = Debug|Any CPU
		{C00596FD-364D-4A83-A999-9379F27E3571}.Debug|Any CPU.Build.0 = Debug|Any CPU
		{C00596FD-364D-4A83-A999-9379F27E3571}.Release|Any CPU.ActiveCfg = Release|Any CPU
		{C00596FD-364D-4A83-A999-9379F27E3571}.Release|Any CPU.Build.0 = Release|Any CPU
		{1C8C7E47-428D-4ECF-BD0E-7D071ACC8B7B}.Debug|Any CPU.ActiveCfg = Debug|Any CPU
		{1C8C7E47-428D-4ECF-BD0E-7D071ACC8B7B}.Debug|Any CPU.Build.0 = Debug|Any CPU
		{1C8C7E47-428D-4ECF-BD0E-7D071ACC8B7B}.Release|Any CPU.ActiveCfg = Release|Any CPU
		{1C8C7E47-428D-4ECF-BD0E-7D071ACC8B7B}.Release|Any CPU.Build.0 = Release|Any CPU
		{CEE9A90B-E429-461B-A977-ECEA017928D8}.Debug|Any CPU.ActiveCfg = Debug|Any CPU
		{CEE9A90B-E429-461B-A977-ECEA017928D8}.Debug|Any CPU.Build.0 = Debug|Any CPU
		{CEE9A90B-E429-461B-A977-ECEA017928D8}.Release|Any CPU.ActiveCfg = Release|Any CPU
		{CEE9A90B-E429-461B-A977-ECEA017928D8}.Release|Any CPU.Build.0 = Release|Any CPU
		{50B54007-29CD-4E22-9E15-73FDDCBF7F3E}.Debug|Any CPU.ActiveCfg = Debug|Any CPU
		{50B54007-29CD-4E22-9E15-73FDDCBF7F3E}.Debug|Any CPU.Build.0 = Debug|Any CPU
		{50B54007-29CD-4E22-9E15-73FDDCBF7F3E}.Release|Any CPU.ActiveCfg = Release|Any CPU
		{50B54007-29CD-4E22-9E15-73FDDCBF7F3E}.Release|Any CPU.Build.0 = Release|Any CPU
		{2EF9D1BB-65D0-47EE-9244-43F1CE6AE7C3}.Debug|Any CPU.ActiveCfg = Debug|Any CPU
		{2EF9D1BB-65D0-47EE-9244-43F1CE6AE7C3}.Debug|Any CPU.Build.0 = Debug|Any CPU
		{2EF9D1BB-65D0-47EE-9244-43F1CE6AE7C3}.Release|Any CPU.ActiveCfg = Release|Any CPU
		{2EF9D1BB-65D0-47EE-9244-43F1CE6AE7C3}.Release|Any CPU.Build.0 = Release|Any CPU
		{FD02DDB7-B3F3-4F77-B897-C7447CB35F40}.Debug|Any CPU.ActiveCfg = Debug|Any CPU
		{FD02DDB7-B3F3-4F77-B897-C7447CB35F40}.Debug|Any CPU.Build.0 = Debug|Any CPU
		{FD02DDB7-B3F3-4F77-B897-C7447CB35F40}.Release|Any CPU.ActiveCfg = Release|Any CPU
		{FD02DDB7-B3F3-4F77-B897-C7447CB35F40}.Release|Any CPU.Build.0 = Release|Any CPU
		{DF217AA9-AC3C-4ECF-9A05-FEF8B792C490}.Debug|Any CPU.ActiveCfg = Debug|Any CPU
		{DF217AA9-AC3C-4ECF-9A05-FEF8B792C490}.Debug|Any CPU.Build.0 = Debug|Any CPU
		{DF217AA9-AC3C-4ECF-9A05-FEF8B792C490}.Release|Any CPU.ActiveCfg = Release|Any CPU
		{DF217AA9-AC3C-4ECF-9A05-FEF8B792C490}.Release|Any CPU.Build.0 = Release|Any CPU
		{AAAF85F6-2274-4EE4-9700-367BEE791793}.Debug|Any CPU.ActiveCfg = Debug|Any CPU
		{AAAF85F6-2274-4EE4-9700-367BEE791793}.Debug|Any CPU.Build.0 = Debug|Any CPU
		{AAAF85F6-2274-4EE4-9700-367BEE791793}.Release|Any CPU.ActiveCfg = Release|Any CPU
		{AAAF85F6-2274-4EE4-9700-367BEE791793}.Release|Any CPU.Build.0 = Release|Any CPU
		{9D63FF47-AAC3-4F02-BA05-5473E331ED8E}.Debug|Any CPU.ActiveCfg = Debug|Any CPU
		{9D63FF47-AAC3-4F02-BA05-5473E331ED8E}.Debug|Any CPU.Build.0 = Debug|Any CPU
		{9D63FF47-AAC3-4F02-BA05-5473E331ED8E}.Release|Any CPU.ActiveCfg = Release|Any CPU
		{9D63FF47-AAC3-4F02-BA05-5473E331ED8E}.Release|Any CPU.Build.0 = Release|Any CPU
	EndGlobalSection
	GlobalSection(SolutionProperties) = preSolution
		HideSolutionNode = FALSE
	EndGlobalSection
	GlobalSection(NestedProjects) = preSolution
		{4AC48C18-C040-435E-ABF7-4B9D5A2C0487} = {3778EA4F-5793-4AE6-9F7E-21A261AF1083}
		{355D24C9-4FA9-4B14-ABAF-F2908C2D92EE} = {3778EA4F-5793-4AE6-9F7E-21A261AF1083}
		{915E2EFD-3ABD-4289-BB63-AFC573D70BE3} = {4AC48C18-C040-435E-ABF7-4B9D5A2C0487}
		{327C6271-91F0-47B1-9E1B-224C33E75AB1} = {915E2EFD-3ABD-4289-BB63-AFC573D70BE3}
		{FCD75F13-8AE6-4205-B70C-FC8067EF49AE} = {4AC48C18-C040-435E-ABF7-4B9D5A2C0487}
		{5E01C879-39DC-4336-AA1C-65C6AC5339B7} = {FCD75F13-8AE6-4205-B70C-FC8067EF49AE}
		{EE975177-6481-4506-BE97-197BC4E73B57} = {4AC48C18-C040-435E-ABF7-4B9D5A2C0487}
		{6CDCD21C-0263-49F9-A5E0-2CD2C497F4FC} = {EE975177-6481-4506-BE97-197BC4E73B57}
		{DF0F121C-FA70-4ECF-9D8C-721E6460E6E3} = {6CDCD21C-0263-49F9-A5E0-2CD2C497F4FC}
		{6EFAEBBB-1FBD-47C7-9401-C4F3CD663A5D} = {6CDCD21C-0263-49F9-A5E0-2CD2C497F4FC}
		{C71A17C4-7B8E-43C2-8131-7778F11B8D82} = {6CDCD21C-0263-49F9-A5E0-2CD2C497F4FC}
		{3B46440A-8A3E-40AE-8A6B-4BBD34F9EE21} = {6CDCD21C-0263-49F9-A5E0-2CD2C497F4FC}
		{1F91AEA0-F95C-4CE1-AF20-C59BE2A05818} = {DF0F121C-FA70-4ECF-9D8C-721E6460E6E3}
		{B2133E88-3817-4F46-A938-BF4243555458} = {6EFAEBBB-1FBD-47C7-9401-C4F3CD663A5D}
		{C00596FD-364D-4A83-A999-9379F27E3571} = {C71A17C4-7B8E-43C2-8131-7778F11B8D82}
		{1C8C7E47-428D-4ECF-BD0E-7D071ACC8B7B} = {3B46440A-8A3E-40AE-8A6B-4BBD34F9EE21}
		{DC35F463-065E-44E0-9800-5BBA74743B8A} = {6CDCD21C-0263-49F9-A5E0-2CD2C497F4FC}
		{CEE9A90B-E429-461B-A977-ECEA017928D8} = {DC35F463-065E-44E0-9800-5BBA74743B8A}
		{50B54007-29CD-4E22-9E15-73FDDCBF7F3E} = {DF0F121C-FA70-4ECF-9D8C-721E6460E6E3}
		{7A8F1BC3-12A3-491F-A456-887A23EE02A1} = {EE975177-6481-4506-BE97-197BC4E73B57}
		{A6502EE9-B5B3-40B2-81ED-FE0A0FF99FDC} = {7A8F1BC3-12A3-491F-A456-887A23EE02A1}
		{096D8FFE-C489-4814-9C2F-F75AA55DBD1D} = {7A8F1BC3-12A3-491F-A456-887A23EE02A1}
		{4AFE32CF-E917-4C2D-8143-91B6E308CD5F} = {7A8F1BC3-12A3-491F-A456-887A23EE02A1}
		{9BD2BE27-E3B8-4C76-85A8-1F8D55270F5B} = {7A8F1BC3-12A3-491F-A456-887A23EE02A1}
		{16440292-5C90-4B29-9C14-DF8A260FB3D6} = {7A8F1BC3-12A3-491F-A456-887A23EE02A1}
		{2EF9D1BB-65D0-47EE-9244-43F1CE6AE7C3} = {A6502EE9-B5B3-40B2-81ED-FE0A0FF99FDC}
		{FD02DDB7-B3F3-4F77-B897-C7447CB35F40} = {096D8FFE-C489-4814-9C2F-F75AA55DBD1D}
		{DF217AA9-AC3C-4ECF-9A05-FEF8B792C490} = {4AFE32CF-E917-4C2D-8143-91B6E308CD5F}
		{AAAF85F6-2274-4EE4-9700-367BEE791793} = {9BD2BE27-E3B8-4C76-85A8-1F8D55270F5B}
		{9D63FF47-AAC3-4F02-BA05-5473E331ED8E} = {16440292-5C90-4B29-9C14-DF8A260FB3D6}
	EndGlobalSection
	GlobalSection(ExtensibilityGlobals) = postSolution
		SolutionGuid = {044D5CC8-EE25-4662-B304-7754F6E8D796}
	EndGlobalSection
EndGlobal
